PODS:
  - QRCodeReader.swift (9.0.1)

DEPENDENCIES:
  - QRCodeReader.swift

SPEC REPOS:
  https://github.com/cocoapods/specs.git:
    - QRCodeReader.swift

SPEC CHECKSUMS:
  QRCodeReader.swift: 96292a5612fbc2fd9a0b26f93fa5164c8d02f59d

PODFILE CHECKSUM: ee95051742a35297a9d6a062599668ccc592d024

COCOAPODS: 1.6.0.beta.2
